{
  "name": "KupiCoffee-System",
  "lockfileVersion": 3,
  "requires": true,
  "packages": {
    "": {
      "dependencies": {
        "apexcharts": "^4.3.0"
      }
    },
    "node_modules/@svgdotjs/svg.draggable.js": {
      "version": "3.0.5",
      "resolved": "https://registry.npmjs.org/@svgdotjs/svg.draggable.js/-/svg.draggable.js-3.0.5.tgz",
      "integrity": "sha512-ljL/fB0tAjRfFOJGhXpr7rEx9DJ6D7Pxt3AXvgxjEM17g6wK3Ho9nXhntraOMx8JLZdq4NBMjokeXMvnQzJVYA==",
      "peerDependencies": {
        "@svgdotjs/svg.js": "^3.2.4"
      }
    },
    "node_modules/@svgdotjs/svg.filter.js": {
      "version": "3.0.8",
      "resolved": "https://registry.npmjs.org/@svgdotjs/svg.filter.js/-/svg.filter.js-3.0.8.tgz",
      "integrity": "sha512-YshF2YDaeRA2StyzAs5nUPrev7npQ38oWD0eTRwnsciSL2KrRPMoUw8BzjIXItb3+dccKGTX3IQOd2NFzmHkog==",
      "dependencies": {
        "@svgdotjs/svg.js": "^3.1.1"
      },
      "engines": {
        "node": ">= 0.8.0"
      }
    },
    "node_modules/@svgdotjs/svg.js": {
      "version": "3.2.4",
      "resolved": "https://registry.npmjs.org/@svgdotjs/svg.js/-/svg.js-3.2.4.tgz",
      "integrity": "sha512-BjJ/7vWNowlX3Z8O4ywT58DqbNRyYlkk6Yz/D13aB7hGmfQTvGX4Tkgtm/ApYlu9M7lCQi15xUEidqMUmdMYwg==",
      "funding": {
        "type": "github",
        "url": "https://github.com/sponsors/Fuzzyma"
      }
    },
    "node_modules/@svgdotjs/svg.resize.js": {
      "version": "2.0.5",
      "resolved": "https://registry.npmjs.org/@svgdotjs/svg.resize.js/-/svg.resize.js-2.0.5.tgz",
      "integrity": "sha512-4heRW4B1QrJeENfi7326lUPYBCevj78FJs8kfeDxn5st0IYPIRXoTtOSYvTzFWgaWWXd3YCDE6ao4fmv91RthA==",
      "engines": {
        "node": ">= 14.18"
      },
      "peerDependencies": {
        "@svgdotjs/svg.js": "^3.2.4",
        "@svgdotjs/svg.select.js": "^4.0.1"
      }
    },
    "node_modules/@svgdotjs/svg.select.js": {
      "version": "4.0.2",
      "resolved": "https://registry.npmjs.org/@svgdotjs/svg.select.js/-/svg.select.js-4.0.2.tgz",
      "integrity": "sha512-5gWdrvoQX3keo03SCmgaBbD+kFftq0F/f2bzCbNnpkkvW6tk4rl4MakORzFuNjvXPWwB4az9GwuvVxQVnjaK2g==",
      "engines": {
        "node": ">= 14.18"
      },
      "peerDependencies": {
        "@svgdotjs/svg.js": "^3.2.4"
      }
    },
    "node_modules/@yr/monotone-cubic-spline": {
      "version": "1.0.3",
      "resolved": "https://registry.npmjs.org/@yr/monotone-cubic-spline/-/monotone-cubic-spline-1.0.3.tgz",
      "integrity": "sha512-FQXkOta0XBSUPHndIKON2Y9JeQz5ZeMqLYZVVK93FliNBFm7LNMIZmY6FrMEB9XPcDbE2bekMbZD6kzDkxwYjA=="
    },
    "node_modules/apexcharts": {
      "version": "4.3.0",
      "resolved": "https://registry.npmjs.org/apexcharts/-/apexcharts-4.3.0.tgz",
      "integrity": "sha512-PfvZQpv91T68hzry9l5zP3Gip7sQvF0nFK91uCBrswIKX7rbIdbVNS4fOks9m9yP3Ppgs6LHgU2M/mjoG4NM0A==",
      "dependencies": {
        "@svgdotjs/svg.draggable.js": "^3.0.4",
        "@svgdotjs/svg.filter.js": "^3.0.8",
        "@svgdotjs/svg.js": "^3.2.4",
        "@svgdotjs/svg.resize.js": "^2.0.2",
        "@svgdotjs/svg.select.js": "^4.0.1",
        "@yr/monotone-cubic-spline": "^1.0.3"
      }
    }
  }
}
